// !$*UTF8*$!
{
	archiveVersion = 1;
	classes = {
	};
	objectVersion = 46;
	objects = {

/* Begin PBXBuildFile section */
		D10AAAE71B2661C8001FDA6D /* main.m in Sources */ = {isa = PBXBuildFile; fileRef = D10AAAE61B2661C8001FDA6D /* main.m */; };
		D10AAAEA1B2661C8001FDA6D /* AppDelegate.m in Sources */ = {isa = PBXBuildFile; fileRef = D10AAAE91B2661C8001FDA6D /* AppDelegate.m */; };
		D10AAAED1B2661C8001FDA6D /* FirstViewController.m in Sources */ = {isa = PBXBuildFile; fileRef = D10AAAEC1B2661C8001FDA6D /* FirstViewController.m */; };
		D10AAAF01B2661C8001FDA6D /* SecondViewController.m in Sources */ = {isa = PBXBuildFile; fileRef = D10AAAEF1B2661C8001FDA6D /* SecondViewController.m */; };
		D10AAAF31B2661C8001FDA6D /* Main.storyboard in Resources */ = {isa = PBXBuildFile; fileRef = D10AAAF11B2661C8001FDA6D /* Main.storyboard */; };
		D10AAAF51B2661C8001FDA6D /* Images.xcassets in Resources */ = {isa = PBXBuildFile; fileRef = D10AAAF41B2661C8001FDA6D /* Images.xcassets */; };
		D10AAAF81B2661C8001FDA6D /* LaunchScreen.xib in Resources */ = {isa = PBXBuildFile; fileRef = D10AAAF61B2661C8001FDA6D /* LaunchScreen.xib */; };
		D10AAB041B2661C8001FDA6D /* SimpleAppTests.m in Sources */ = {isa = PBXBuildFile; fileRef = D10AAB031B2661C8001FDA6D /* SimpleAppTests.m */; };
/* End PBXBuildFile section */

/* Begin PBXContainerItemProxy section */
		D10AAAFE1B2661C8001FDA6D /* PBXContainerItemProxy */ = {
			isa = PBXContainerItemProxy;
			containerPortal = D10AAAD91B2661C8001FDA6D /* Project object */;
			proxyType = 1;
			remoteGlobalIDString = D10AAAE01B2661C8001FDA6D;
			remoteInfo = SimpleApp;
		};
/* End PBXContainerItemProxy section */

/* Begin PBXFileReference section */
		D10AAAE11B2661C8001FDA6D /* SimpleApp.app */ = {isa = PBXFileReference; explicitFileType = wrapper.application; includeInIndex = 0; path = SimpleApp.app; sourceTree = BUILT_PRODUCTS_DIR; };
		D10AAAE51B2661C8001FDA6D /* Info.plist */ = {isa = PBXFileReference; lastKnownFileType = text.plist.xml; path = Info.plist; sourceTree = "<group>"; };
		D10AAAE61B2661C8001FDA6D /* main.m */ = {isa = PBXFileReference; lastKnownFileType = sourcecode.c.objc; path = main.m; sourceTree = "<group>"; };
		D10AAAE81B2661C8001FDA6D /* AppDelegate.h */ = {isa = PBXFileReference; lastKnownFileType = sourcecode.c.h; path = AppDelegate.h; sourceTree = "<group>"; };
		D10AAAE91B2661C8001FDA6D /* AppDelegate.m */ = {isa = PBXFileReference; lastKnownFileType = sourcecode.c.objc; path = AppDelegate.m; sourceTree = "<group>"; };
		D10AAAEB1B2661C8001FDA6D /* FirstViewController.h */ = {isa = PBXFileReference; lastKnownFileType = sourcecode.c.h; path = FirstViewController.h; sourceTree = "<group>"; };
		D10AAAEC1B2661C8001FDA6D /* FirstViewController.m */ = {isa = PBXFileReference; lastKnownFileType = sourcecode.c.objc; path = FirstViewController.m; sourceTree = "<group>"; };
		D10AAAEE1B2661C8001FDA6D /* SecondViewController.h */ = {isa = PBXFileReference; lastKnownFileType = sourcecode.c.h; path = SecondViewController.h; sourceTree = "<group>"; };
		D10AAAEF1B2661C8001FDA6D /* SecondViewController.m */ = {isa = PBXFileReference; lastKnownFileType = sourcecode.c.objc; path = SecondViewController.m; sourceTree = "<group>"; };
		D10AAAF21B2661C8001FDA6D /* Base */ = {isa = PBXFileReference; lastKnownFileType = file.storyboard; name = Base; path = Base.lproj/Main.storyboard; sourceTree = "<group>"; };
		D10AAAF41B2661C8001FDA6D /* Images.xcassets */ = {isa = PBXFileReference; lastKnownFileType = folder.assetcatalog; path = Images.xcassets; sourceTree = "<group>"; };
		D10AAAF71B2661C8001FDA6D /* Base */ = {isa = PBXFileReference; lastKnownFileType = file.xib; name = Base; path = Base.lproj/LaunchScreen.xib; sourceTree = "<group>"; };
		D10AAAFD1B2661C8001FDA6D /* SimpleAppTests.xctest */ = {isa = PBXFileReference; explicitFileType = wrapper.cfbundle; includeInIndex = 0; path = SimpleAppTests.xctest; sourceTree = BUILT_PRODUCTS_DIR; };
		D10AAB021B2661C8001FDA6D /* Info.plist */ = {isa = PBXFileReference; lastKnownFileType = text.plist.xml; path = Info.plist; sourceTree = "<group>"; };
		D10AAB031B2661C8001FDA6D /* SimpleAppTests.m */ = {isa = PBXFileReference; lastKnownFileType = sourcecode.c.objc; path = SimpleAppTests.m; sourceTree = "<group>"; };
/* End PBXFileReference section */

/* Begin PBXFrameworksBuildPhase section */
		D10AAADE1B2661C8001FDA6D /* Frameworks */ = {
			isa = PBXFrameworksBuildPhase;
			buildActionMask = 2147483647;
			files = (
			);
			runOnlyForDeploymentPostprocessing = 0;
		};
		D10AAAFA1B2661C8001FDA6D /* Frameworks */ = {
			isa = PBXFrameworksBuildPhase;
			buildActionMask = 2147483647;
			files = (
			);
			runOnlyForDeploymentPostprocessing = 0;
		};
/* End PBXFrameworksBuildPhase section */

/* Begin PBXGroup section */
		D10AAAD81B2661C8001FDA6D = {
			isa = PBXGroup;
			children = (
				D10AAAE31B2661C8001FDA6D /* SimpleApp */,
				D10AAB001B2661C8001FDA6D /* SimpleAppTests */,
				D10AAAE21B2661C8001FDA6D /* Products */,
			);
			sourceTree = "<group>";
		};
		D10AAAE21B2661C8001FDA6D /* Products */ = {
			isa = PBXGroup;
			children = (
				D10AAAE11B2661C8001FDA6D /* SimpleApp.app */,
				D10AAAFD1B2661C8001FDA6D /* SimpleAppTests.xctest */,
			);
			name = Products;
			sourceTree = "<group>";
		};
		D10AAAE31B2661C8001FDA6D /* SimpleApp */ = {
			isa = PBXGroup;
			children = (
				D10AAAE81B2661C8001FDA6D /* AppDelegate.h */,
				D10AAAE91B2661C8001FDA6D /* AppDelegate.m */,
				D10AAAEB1B2661C8001FDA6D /* FirstViewController.h */,
				D10AAAEC1B2661C8001FDA6D /* FirstViewController.m */,
				D10AAAEE1B2661C8001FDA6D /* SecondViewController.h */,
				D10AAAEF1B2661C8001FDA6D /* SecondViewController.m */,
				D10AAAF11B2661C8001FDA6D /* Main.storyboard */,
				D10AAAF41B2661C8001FDA6D /* Images.xcassets */,
				D10AAAF61B2661C8001FDA6D /* LaunchScreen.xib */,
				D10AAAE41B2661C8001FDA6D /* Supporting Files */,
			);
			path = SimpleApp;
			sourceTree = "<group>";
		};
		D10AAAE41B2661C8001FDA6D /* Supporting Files */ = {
			isa = PBXGroup;
			children = (
				D10AAAE51B2661C8001FDA6D /* Info.plist */,
				D10AAAE61B2661C8001FDA6D /* main.m */,
			);
			name = "Supporting Files";
			sourceTree = "<group>";
		};
		D10AAB001B2661C8001FDA6D /* SimpleAppTests */ = {
			isa = PBXGroup;
			children = (
				D10AAB031B2661C8001FDA6D /* SimpleAppTests.m */,
				D10AAB011B2661C8001FDA6D /* Supporting Files */,
			);
			path = SimpleAppTests;
			sourceTree = "<group>";
		};
		D10AAB011B2661C8001FDA6D /* Supporting Files */ = {
			isa = PBXGroup;
			children = (
				D10AAB021B2661C8001FDA6D /* Info.plist */,
			);
			name = "Supporting Files";
			sourceTree = "<group>";
		};
/* End PBXGroup section */

/* Begin PBXNativeTarget section */
		D10AAAE01B2661C8001FDA6D /* SimpleApp */ = {
			isa = PBXNativeTarget;
			buildConfigurationList = D10AAB071B2661C8001FDA6D /* Build configuration list for PBXNativeTarget "SimpleApp" */;
			buildPhases = (
				D10AAADD1B2661C8001FDA6D /* Sources */,
				D10AAADE1B2661C8001FDA6D /* Frameworks */,
				D10AAADF1B2661C8001FDA6D /* Resources */,
			);
			buildRules = (
			);
			dependencies = (
			);
			name = SimpleApp;
			productName = SimpleApp;
			productReference = D10AAAE11B2661C8001FDA6D /* SimpleApp.app */;
			productType = "com.apple.product-type.application";
		};
		D10AAAFC1B2661C8001FDA6D /* SimpleAppTests */ = {
			isa = PBXNativeTarget;
			buildConfigurationList = D10AAB0A1B2661C8001FDA6D /* Build configuration list for PBXNativeTarget "SimpleAppTests" */;
			buildPhases = (
				D10AAAF91B2661C8001FDA6D /* Sources */,
				D10AAAFA1B2661C8001FDA6D /* Frameworks */,
				D10AAAFB1B2661C8001FDA6D /* Resources */,
			);
			buildRules = (
			);
			dependencies = (
				D10AAAFF1B2661C8001FDA6D /* PBXTargetDependency */,
			);
			name = SimpleAppTests;
			productName = SimpleAppTests;
			productReference = D10AAAFD1B2661C8001FDA6D /* SimpleAppTests.xctest */;
			productType = "com.apple.product-type.bundle.unit-test";
		};
/* End PBXNativeTarget section */

/* Begin PBXProject section */
		D10AAAD91B2661C8001FDA6D /* Project object */ = {
			isa = PBXProject;
			attributes = {
				LastUpgradeCheck = 0630;
				ORGANIZATIONNAME = "Edward Louw";
				TargetAttributes = {
					D10AAAE01B2661C8001FDA6D = {
						CreatedOnToolsVersion = 6.3.1;
					};
					D10AAAFC1B2661C8001FDA6D = {
						CreatedOnToolsVersion = 6.3.1;
						TestTargetID = D10AAAE01B2661C8001FDA6D;
					};
				};
			};
			buildConfigurationList = D10AAADC1B2661C8001FDA6D /* Build configuration list for PBXProject "SimpleApp" */;
			compatibilityVersion = "Xcode 3.2";
			developmentRegion = English;
			hasScannedForEncodings = 0;
			knownRegions = (
				en,
				Base,
			);
			mainGroup = D10AAAD81B2661C8001FDA6D;
			productRefGroup = D10AAAE21B2661C8001FDA6D /* Products */;
			projectDirPath = "";
			projectRoot = "";
			targets = (
				D10AAAE01B2661C8001FDA6D /* SimpleApp */,
				D10AAAFC1B2661C8001FDA6D /* SimpleAppTests */,
			);
		};
/* End PBXProject section */

/* Begin PBXResourcesBuildPhase section */
		D10AAADF1B2661C8001FDA6D /* Resources */ = {
			isa = PBXResourcesBuildPhase;
			buildActionMask = 2147483647;
			files = (
				D10AAAF31B2661C8001FDA6D /* Main.storyboard in Resources */,
				D10AAAF81B2661C8001FDA6D /* LaunchScreen.xib in Resources */,
				D10AAAF51B2661C8001FDA6D /* Images.xcassets in Resources */,
			);
			runOnlyForDeploymentPostprocessing = 0;
		};
		D10AAAFB1B2661C8001FDA6D /* Resources */ = {
			isa = PBXResourcesBuildPhase;
			buildActionMask = 2147483647;
			files = (
			);
			runOnlyForDeploymentPostprocessing = 0;
		};
/* End PBXResourcesBuildPhase section */

/* Begin PBXSourcesBuildPhase section */
		D10AAADD1B2661C8001FDA6D /* Sources */ = {
			isa = PBXSourcesBuildPhase;
			buildActionMask = 2147483647;
			files = (
				D10AAAF01B2661C8001FDA6D /* SecondViewController.m in Sources */,
				D10AAAEA1B2661C8001FDA6D /* AppDelegate.m in Sources */,
				D10AAAED1B2661C8001FDA6D /* FirstViewController.m in Sources */,
				D10AAAE71B2661C8001FDA6D /* main.m in Sources */,
			);
			runOnlyForDeploymentPostprocessing = 0;
		};
		D10AAAF91B2661C8001FDA6D /* Sources */ = {
			isa = PBXSourcesBuildPhase;
			buildActionMask = 2147483647;
			files = (
				D10AAB041B2661C8001FDA6D /* SimpleAppTests.m in Sources */,
			);
			runOnlyForDeploymentPostprocessing = 0;
		};
/* End PBXSourcesBuildPhase section */

/* Begin PBXTargetDependency section */
		D10AAAFF1B2661C8001FDA6D /* PBXTargetDependency */ = {
			isa = PBXTargetDependency;
			target = D10AAAE01B2661C8001FDA6D /* SimpleApp */;
			targetProxy = D10AAAFE1B2661C8001FDA6D /* PBXContainerItemProxy */;
		};
/* End PBXTargetDependency section */

/* Begin PBXVariantGroup section */
		D10AAAF11B2661C8001FDA6D /* Main.storyboard */ = {
			isa = PBXVariantGroup;
			children = (
				D10AAAF21B2661C8001FDA6D /* Base */,
			);
			name = Main.storyboard;
			sourceTree = "<group>";
		};
		D10AAAF61B2661C8001FDA6D /* LaunchScreen.xib */ = {
			isa = PBXVariantGroup;
			children = (
				D10AAAF71B2661C8001FDA6D /* Base */,
			);
			name = LaunchScreen.xib;
			sourceTree = "<group>";
		};
/* End PBXVariantGroup section */

/* Begin XCBuildConfiguration section */
		D10AAB051B2661C8001FDA6D /* Debug */ = {
			isa = XCBuildConfiguration;
			buildSettings = {
				ALWAYS_SEARCH_USER_PATHS = NO;
				CLANG_CXX_LANGUAGE_STANDARD = "gnu++0x";
				CLANG_CXX_LIBRARY = "libc++";
				CLANG_ENABLE_MODULES = YES;
				CLANG_ENABLE_OBJC_ARC = YES;
				CLANG_WARN_BOOL_CONVERSION = YES;
				CLANG_WARN_CONSTANT_CONVERSION = YES;
				CLANG_WARN_DIRECT_OBJC_ISA_USAGE = YES_ERROR;
				CLANG_WARN_EMPTY_BODY = YES;
				CLANG_WARN_ENUM_CONVERSION = YES;
				CLANG_WARN_INT_CONVERSION = YES;
				CLANG_WARN_OBJC_ROOT_CLASS = YES_ERROR;
				CLANG_WARN_UNREACHABLE_CODE = YES;
				CLANG_WARN__DUPLICATE_METHOD_MATCH = YES;
				"CODE_SIGN_IDENTITY[sdk=iphoneos*]" = "iPhone Developer";
				COPY_PHASE_STRIP = NO;
				DEBUG_INFORMATION_FORMAT = "dwarf-with-dsym";
				ENABLE_STRICT_OBJC_MSGSEND = YES;
				GCC_C_LANGUAGE_STANDARD = gnu99;
				GCC_DYNAMIC_NO_PIC = NO;
				GCC_NO_COMMON_BLOCKS = YES;
				GCC_OPTIMIZATION_LEVEL = 0;
				GCC_PREPROCESSOR_DEFINITIONS = (
					"DEBUG=1",
					"$(inherited)",
				);
				GCC_SYMBOLS_PRIVATE_EXTERN = NO;
				GCC_WARN_64_TO_32_BIT_CONVERSION = YES;
				GCC_WARN_ABOUT_RETURN_TYPE = YES_ERROR;
				GCC_WARN_UNDECLARED_SELECTOR = YES;
				GCC_WARN_UNINITIALIZED_AUTOS = YES_AGGRESSIVE;
				GCC_WARN_UNUSED_FUNCTION = YES;
				GCC_WARN_UNUSED_VARIABLE = YES;
				IPHONEOS_DEPLOYMENT_TARGET = 8.3;
				MTL_ENABLE_DEBUG_INFO = YES;
				ONLY_ACTIVE_ARCH = YES;
				SDKROOT = iphoneos;
			};
			name = Debug;
		};
		D10AAB061B2661C8001FDA6D /* Release */ = {
			isa = XCBuildConfiguration;
			buildSettings = {
				ALWAYS_SEARCH_USER_PATHS = NO;
				CLANG_CXX_LANGUAGE_STANDARD = "gnu++0x";
				CLANG_CXX_LIBRARY = "libc++";
				CLANG_ENABLE_MODULES = YES;
				CLANG_ENABLE_OBJC_ARC = YES;
				CLANG_WARN_BOOL_CONVERSION = YES;
				CLANG_WARN_CONSTANT_CONVERSION = YES;
				CLANG_WARN_DIRECT_OBJC_ISA_USAGE = YES_ERROR;
				CLANG_WARN_EMPTY_BODY = YES;
				CLANG_WARN_ENUM_CONVERSION = YES;
				CLANG_WARN_INT_CONVERSION = YES;
				CLANG_WARN_OBJC_ROOT_CLASS = YES_ERROR;
				CLANG_WARN_UNREACHABLE_CODE = YES;
				CLANG_WARN__DUPLICATE_METHOD_MATCH = YES;
				"CODE_SIGN_IDENTITY[sdk=iphoneos*]" = "iPhone Developer";
				COPY_PHASE_STRIP = NO;
				DEBUG_INFORMATION_FORMAT = "dwarf-with-dsym";
				ENABLE_NS_ASSERTIONS = NO;
				ENABLE_STRICT_OBJC_MSGSEND = YES;
				GCC_C_LANGUAGE_STANDARD = gnu99;
				GCC_NO_COMMON_BLOCKS = YES;
				GCC_WARN_64_TO_32_BIT_CONVERSION = YES;
				GCC_WARN_ABOUT_RETURN_TYPE = YES_ERROR;
				GCC_WARN_UNDECLARED_SELECTOR = YES;
				GCC_WARN_UNINITIALIZED_AUTOS = YES_AGGRESSIVE;
				GCC_WARN_UNUSED_FUNCTION = YES;
				GCC_WARN_UNUSED_VARIABLE = YES;
				IPHONEOS_DEPLOYMENT_TARGET = 8.3;
				MTL_ENABLE_DEBUG_INFO = NO;
				SDKROOT = iphoneos;
				VALIDATE_PRODUCT = YES;
			};
			name = Release;
		};
		D10AAB081B2661C8001FDA6D /* Debug */ = {
			isa = XCBuildConfiguration;
			buildSettings = {
				ASSETCATALOG_COMPILER_APPICON_NAME = AppIcon;
				INFOPLIST_FILE = SimpleApp/Info.plist;
				LD_RUNPATH_SEARCH_PATHS = "$(inherited) @executable_path/Frameworks";
				PRODUCT_NAME = "$(TARGET_NAME)";
			};
			name = Debug;
		};
		D10AAB091B2661C8001FDA6D /* Release */ = {
			isa = XCBuildConfiguration;
			buildSettings = {
				ASSETCATALOG_COMPILER_APPICON_NAME = AppIcon;
				INFOPLIST_FILE = SimpleApp/Info.plist;
				LD_RUNPATH_SEARCH_PATHS = "$(inherited) @executable_path/Frameworks";
				PRODUCT_NAME = "$(TARGET_NAME)";
			};
			name = Release;
		};
		D10AAB0B1B2661C8001FDA6D /* Debug */ = {
			isa = XCBuildConfiguration;
			buildSettings = {
				BUNDLE_LOADER = "$(TEST_HOST)";
				FRAMEWORK_SEARCH_PATHS = (
					"$(SDKROOT)/Developer/Library/Frameworks",
					"$(inherited)",
				);
				GCC_PREPROCESSOR_DEFINITIONS = (
					"DEBUG=1",
					"$(inherited)",
				);
				INFOPLIST_FILE = SimpleAppTests/Info.plist;
				LD_RUNPATH_SEARCH_PATHS = "$(inherited) @executable_path/Frameworks @loader_path/Frameworks";
				PRODUCT_NAME = "$(TARGET_NAME)";
				TEST_HOST = "$(BUILT_PRODUCTS_DIR)/SimpleApp.app/SimpleApp";
			};
			name = Debug;
		};
		D10AAB0C1B2661C8001FDA6D /* Release */ = {
			isa = XCBuildConfiguration;
			buildSettings = {
				BUNDLE_LOADER = "$(TEST_HOST)";
				FRAMEWORK_SEARCH_PATHS = (
					"$(SDKROOT)/Developer/Library/Frameworks",
					"$(inherited)",
				);
				INFOPLIST_FILE = SimpleAppTests/Info.plist;
				LD_RUNPATH_SEARCH_PATHS = "$(inherited) @executable_path/Frameworks @loader_path/Frameworks";
				PRODUCT_NAME = "$(TARGET_NAME)";
				TEST_HOST = "$(BUILT_PRODUCTS_DIR)/SimpleApp.app/SimpleApp";
			};
			name = Release;
		};
/* End XCBuildConfiguration section */

/* Begin XCConfigurationList section */
		D10AAADC1B2661C8001FDA6D /* Build configuration list for PBXProject "SimpleApp" */ = {
			isa = XCConfigurationList;
			buildConfigurations = (
				D10AAB051B2661C8001FDA6D /* Debug */,
				D10AAB061B2661C8001FDA6D /* Release */,
			);
			defaultConfigurationIsVisible = 0;
			defaultConfigurationName = Release;
		};
		D10AAB071B2661C8001FDA6D /* Build configuration list for PBXNativeTarget "SimpleApp" */ = {
			isa = XCConfigurationList;
			buildConfigurations = (
				D10AAB081B2661C8001FDA6D /* Debug */,
				D10AAB091B2661C8001FDA6D /* Release */,
			);
			defaultConfigurationIsVisible = 0;
		};
		D10AAB0A1B2661C8001FDA6D /* Build configuration list for PBXNativeTarget "SimpleAppTests" */ = {
			isa = XCConfigurationList;
			buildConfigurations = (
				D10AAB0B1B2661C8001FDA6D /* Debug */,
				D10AAB0C1B2661C8001FDA6D /* Release */,
			);
			defaultConfigurationIsVisible = 0;
		};
/* End XCConfigurationList section */
	};
	rootObject = D10AAAD91B2661C8001FDA6D /* Project object */;
}
